
Microsoft Visual Studio Solution File, Format Version 12.00
# Visual Studio Version 16
VisualStudioVersion = 16.0.30907.101
MinimumVisualStudioVersion = 10.0.40219.1
Project("{9A19103F-16F7-4668-BE54-9A1E7A4F7556}") = "GeneratorSample", "GeneratorSample\GeneratorSample.csproj", "{8BEDC574-A01C-4DE5-BE6F-FC9D72CE9661}"
EndProject
Project("{FAE04EC0-301F-11D3-BF4B-00C04F79EFBC}") = "TestApp", "TestApp\TestApp.csproj", "{6136FA7E-8883-4FE0-930B-25C77B59A307}"
EndProject
Global
	GlobalSection(SolutionConfigurationPlatforms) = preSolution
		Debug|Any CPU = Debug|Any CPU
		Release|Any CPU = Release|Any CPU
	EndGlobalSection
	GlobalSection(ProjectConfigurationPlatforms) = postSolution
		{8BEDC574-A01C-4DE5-BE6F-FC9D72CE9661}.Debug|Any CPU.ActiveCfg = Debug|Any CPU
		{8BEDC574-A01C-4DE5-BE6F-FC9D72CE9661}.Debug|Any CPU.Build.0 = Debug|Any CPU
		{8BEDC574-A01C-4DE5-BE6F-FC9D72CE9661}.Release|Any CPU.ActiveCfg = Release|Any CPU
		{8BEDC574-A01C-4DE5-BE6F-FC9D72CE9661}.Release|Any CPU.Build.0 = Release|Any CPU
		{6136FA7E-8883-4FE0-930B-25C77B59A307}.Debug|Any CPU.ActiveCfg = Debug|Any CPU
		{6136FA7E-8883-4FE0-930B-25C77B59A307}.Debug|Any CPU.Build.0 = Debug|Any CPU
		{6136FA7E-8883-4FE0-930B-25C77B59A307}.Release|Any CPU.ActiveCfg = Release|Any CPU
		{6136FA7E-8883-4FE0-930B-25C77B59A307}.Release|Any CPU.Build.0 = Release|Any CPU
	EndGlobalSection
	GlobalSection(SolutionProperties) = preSolution
		HideSolutionNode = FALSE
	EndGlobalSection
	GlobalSection(ExtensibilityGlobals) = postSolution
		SolutionGuid = {EEE4C3FA-441F-43F6-A9E5-BA3CB254E54A}
	EndGlobalSection
EndGlobal
